
Microsoft Visual Studio Solution File, Format Version 12.00
# Visual Studio Version 17
VisualStudioVersion = 17.5.33209.295
MinimumVisualStudioVersion = 10.0.40219.1
Project("{FAE04EC0-301F-11D3-BF4B-00C04F79EFBC}") = "Northwind.Api", "Northwind.Api\Northwind.Api.csproj", "{022DEE43-A143-4E2A-B34F-C20D78DCFE12}"
EndProject
Global
	GlobalSection(SolutionConfigurationPlatforms) = preSolution
		Debug|Any CPU = Debug|Any CPU
		Release|Any CPU = Release|Any CPU
	EndGlobalSection
	GlobalSection(ProjectConfigurationPlatforms) = postSolution
		{022DEE43-A143-4E2A-B34F-C20D78DCFE12}.Debug|Any CPU.ActiveCfg = Debug|Any CPU
		{022DEE43-A143-4E2A-B34F-C20D78DCFE12}.Debug|Any CPU.Build.0 = Debug|Any CPU
		{022DEE43-A143-4E2A-B34F-C20D78DCFE12}.Release|Any CPU.ActiveCfg = Release|Any CPU
		{022DEE43-A143-4E2A-B34F-C20D78DCFE12}.Release|Any CPU.Build.0 = Release|Any CPU
	EndGlobalSection
	GlobalSection(SolutionProperties) = preSolution
		HideSolutionNode = FALSE
	EndGlobalSection
	GlobalSection(ExtensibilityGlobals) = postSolution
		SolutionGuid = {F00059BD-4877-4B07-AB83-49E1D931113C}
	EndGlobalSection
EndGlobal
